
Microsoft Visual Studio Solution File, Format Version 12.00
# Visual Studio Version 17
VisualStudioVersion = 17.11.35222.181
MinimumVisualStudioVersion = 10.0.40219.1
Project("{FAE04EC0-301F-11D3-BF4B-00C04F79EFBC}") = "Tienda1", "Tienda1\Tienda1.csproj", "{DB1B5502-BC46-439B-84BA-6DD3DEF2E413}"
EndProject
Global
	GlobalSection(SolutionConfigurationPlatforms) = preSolution
		Debug|Any CPU = Debug|Any CPU
		Release|Any CPU = Release|Any CPU
	EndGlobalSection
	GlobalSection(ProjectConfigurationPlatforms) = postSolution
		{DB1B5502-BC46-439B-84BA-6DD3DEF2E413}.Debug|Any CPU.ActiveCfg = Debug|Any CPU
		{DB1B5502-BC46-439B-84BA-6DD3DEF2E413}.Debug|Any CPU.Build.0 = Debug|Any CPU
		{DB1B5502-BC46-439B-84BA-6DD3DEF2E413}.Release|Any CPU.ActiveCfg = Release|Any CPU
		{DB1B5502-BC46-439B-84BA-6DD3DEF2E413}.Release|Any CPU.Build.0 = Release|Any CPU
	EndGlobalSection
	GlobalSection(SolutionProperties) = preSolution
		HideSolutionNode = FALSE
	EndGlobalSection
	GlobalSection(ExtensibilityGlobals) = postSolution
		SolutionGuid = {4437F39D-F343-4B58-9A98-2EAD93AEFC0F}
	EndGlobalSection
EndGlobal
